
Microsoft Visual Studio Solution File, Format Version 10.00
# Visual Studio 2008
Project("{FAE04EC0-301F-11D3-BF4B-00C04F79EFBC}") = "PCStart", "PCStart\PCStart.csproj", "{9F2477F0-3DD9-456D-9247-28DB1FB57090}"
EndProject
Project("{FAE04EC0-301F-11D3-BF4B-00C04F79EFBC}") = "Model", "Model\Model.csproj", "{360432B4-1881-44B7-A63C-C11C361003A4}"
EndProject
Global
	GlobalSection(SolutionConfigurationPlatforms) = preSolution
		Debug|Any CPU = Debug|Any CPU
		Release|Any CPU = Release|Any CPU
	EndGlobalSection
	GlobalSection(ProjectConfigurationPlatforms) = postSolution
		{9F2477F0-3DD9-456D-9247-28DB1FB57090}.Debug|Any CPU.ActiveCfg = Debug|Any CPU
		{9F2477F0-3DD9-456D-9247-28DB1FB57090}.Debug|Any CPU.Build.0 = Debug|Any CPU
		{9F2477F0-3DD9-456D-9247-28DB1FB57090}.Release|Any CPU.ActiveCfg = Release|Any CPU
		{9F2477F0-3DD9-456D-9247-28DB1FB57090}.Release|Any CPU.Build.0 = Release|Any CPU
		{360432B4-1881-44B7-A63C-C11C361003A4}.Debug|Any CPU.ActiveCfg = Debug|Any CPU
		{360432B4-1881-44B7-A63C-C11C361003A4}.Debug|Any CPU.Build.0 = Debug|Any CPU
		{360432B4-1881-44B7-A63C-C11C361003A4}.Release|Any CPU.ActiveCfg = Release|Any CPU
		{360432B4-1881-44B7-A63C-C11C361003A4}.Release|Any CPU.Build.0 = Release|Any CPU
	EndGlobalSection
	GlobalSection(SolutionProperties) = preSolution
		HideSolutionNode = FALSE
	EndGlobalSection
EndGlobal
